
Microsoft Visual Studio Solution File, Format Version 12.00
# Visual Studio 15
Project("{FAE04EC0-301F-11D3-BF4B-00C04F79EFBC}") = "dialer_01", "dialer\wip_link_dialer\dialer_01\dialer_01.csproj", "{9E77A078-8B08-413D-8B8B-2BA13CE359D5}"
EndProject
Project("{FAE04EC0-301F-11D3-BF4B-00C04F79EFBC}") = "SendEmailCsharp", "dialer\Twilio_SendGrid\SendEmailCsharp\SendEmailCsharp.csproj", "{2BC0C582-DCBC-420E-A25B-41DCF1A1D78C}"
EndProject
Project("{FAE04EC0-301F-11D3-BF4B-00C04F79EFBC}") = "twilio_caller", "dialer\Twilio_caller\twilio_caller.csproj", "{331C0A0F-DE99-493B-A532-4857DB2082F8}"
EndProject
Project("{FAE04EC0-301F-11D3-BF4B-00C04F79EFBC}") = "transcriber", "transcriber\transcriber.csproj", "{21D32E6A-BF4B-4B68-84D8-730E938BB614}"
EndProject
Global
	GlobalSection(SolutionConfigurationPlatforms) = preSolution
		Debug|anycpu = Debug|anycpu
		Release|anycpu = Release|anycpu
	EndGlobalSection
	GlobalSection(ProjectConfigurationPlatforms) = postSolution
		{9E77A078-8B08-413D-8B8B-2BA13CE359D5}.Debug|anycpu.ActiveCfg = Debug|Any CPU
		{9E77A078-8B08-413D-8B8B-2BA13CE359D5}.Debug|anycpu.Build.0 = Debug|Any CPU
		{9E77A078-8B08-413D-8B8B-2BA13CE359D5}.Release|anycpu.ActiveCfg = Release|Any CPU
		{9E77A078-8B08-413D-8B8B-2BA13CE359D5}.Release|anycpu.Build.0 = Release|Any CPU
		{2BC0C582-DCBC-420E-A25B-41DCF1A1D78C}.Debug|anycpu.ActiveCfg = Debug|Any CPU
		{2BC0C582-DCBC-420E-A25B-41DCF1A1D78C}.Debug|anycpu.Build.0 = Debug|Any CPU
		{2BC0C582-DCBC-420E-A25B-41DCF1A1D78C}.Release|anycpu.ActiveCfg = Release|Any CPU
		{2BC0C582-DCBC-420E-A25B-41DCF1A1D78C}.Release|anycpu.Build.0 = Release|Any CPU
		{331C0A0F-DE99-493B-A532-4857DB2082F8}.Debug|anycpu.ActiveCfg = Debug|Any CPU
		{331C0A0F-DE99-493B-A532-4857DB2082F8}.Debug|anycpu.Build.0 = Debug|Any CPU
		{331C0A0F-DE99-493B-A532-4857DB2082F8}.Release|anycpu.ActiveCfg = Release|Any CPU
		{331C0A0F-DE99-493B-A532-4857DB2082F8}.Release|anycpu.Build.0 = Release|Any CPU
		{21D32E6A-BF4B-4B68-84D8-730E938BB614}.Debug|anycpu.ActiveCfg = Debug|Any CPU
		{21D32E6A-BF4B-4B68-84D8-730E938BB614}.Debug|anycpu.Build.0 = Debug|Any CPU
		{21D32E6A-BF4B-4B68-84D8-730E938BB614}.Release|anycpu.ActiveCfg = Release|Any CPU
		{21D32E6A-BF4B-4B68-84D8-730E938BB614}.Release|anycpu.Build.0 = Release|Any CPU
	EndGlobalSection
EndGlobal
