
Microsoft Visual Studio Solution File, Format Version 12.00
# Visual Studio 15
Project("{FAE04EC0-301F-11D3-BF4B-00C04F79EFBC}") = "SendEmailCsharp", "SendEmailCsharp.csproj", "{87164188-6E51-40A8-BC33-3F187E0B17B0}"
EndProject
Global
	GlobalSection(SolutionConfigurationPlatforms) = preSolution
		Debug|Any CPU = Debug|Any CPU
		Release|Any CPU = Release|Any CPU
	EndGlobalSection
	GlobalSection(ProjectConfigurationPlatforms) = postSolution
		{87164188-6E51-40A8-BC33-3F187E0B17B0}.Debug|Any CPU.ActiveCfg = Debug|Any CPU
		{87164188-6E51-40A8-BC33-3F187E0B17B0}.Debug|Any CPU.Build.0 = Debug|Any CPU
		{87164188-6E51-40A8-BC33-3F187E0B17B0}.Release|Any CPU.ActiveCfg = Release|Any CPU
		{87164188-6E51-40A8-BC33-3F187E0B17B0}.Release|Any CPU.Build.0 = Release|Any CPU
	EndGlobalSection
EndGlobal
