
Microsoft Visual Studio Solution File, Format Version 12.00
# Visual Studio Version 16
VisualStudioVersion = 16.0.29409.12
MinimumVisualStudioVersion = 10.0.40219.1
Project("{FAE04EC0-301F-11D3-BF4B-00C04F79EFBC}") = "dialer-mock-1", "dialer-mock-1\dialer-mock-1.csproj", "{C91D92CF-D528-429D-A06C-361D91A60C11}"
EndProject
Global
	GlobalSection(SolutionConfigurationPlatforms) = preSolution
		Debug|Any CPU = Debug|Any CPU
		Release|Any CPU = Release|Any CPU
	EndGlobalSection
	GlobalSection(ProjectConfigurationPlatforms) = postSolution
		{C91D92CF-D528-429D-A06C-361D91A60C11}.Debug|Any CPU.ActiveCfg = Debug|Any CPU
		{C91D92CF-D528-429D-A06C-361D91A60C11}.Debug|Any CPU.Build.0 = Debug|Any CPU
		{C91D92CF-D528-429D-A06C-361D91A60C11}.Release|Any CPU.ActiveCfg = Release|Any CPU
		{C91D92CF-D528-429D-A06C-361D91A60C11}.Release|Any CPU.Build.0 = Release|Any CPU
	EndGlobalSection
	GlobalSection(SolutionProperties) = preSolution
		HideSolutionNode = FALSE
	EndGlobalSection
	GlobalSection(ExtensibilityGlobals) = postSolution
		SolutionGuid = {E2AC6CA2-CDF3-4C31-8DB2-9A4FA30BEB6E}
	EndGlobalSection
EndGlobal
